
Microsoft Visual Studio Solution File, Format Version 12.00
# Visual Studio Version 17
VisualStudioVersion = 17.1.32228.430
MinimumVisualStudioVersion = 10.0.40219.1
Project("{9A19103F-16F7-4668-BE54-9A1E7A4F7556}") = "BookStoreAPI", "BookStoreAPI\BookStoreAPI.csproj", "{1011DE20-6FF9-4074-AD24-D7A97BB866C2}"
EndProject
Project("{9A19103F-16F7-4668-BE54-9A1E7A4F7556}") = "BookStoreTests", "BookStoreTests\BookStoreTests.csproj", "{2BD47751-B1E0-47C0-95D9-23BF23472DC7}"
EndProject
Global
	GlobalSection(SolutionConfigurationPlatforms) = preSolution
		Debug|Any CPU = Debug|Any CPU
		Release|Any CPU = Release|Any CPU
	EndGlobalSection
	GlobalSection(ProjectConfigurationPlatforms) = postSolution
		{1011DE20-6FF9-4074-AD24-D7A97BB866C2}.Debug|Any CPU.ActiveCfg = Debug|Any CPU
		{1011DE20-6FF9-4074-AD24-D7A97BB866C2}.Debug|Any CPU.Build.0 = Debug|Any CPU
		{1011DE20-6FF9-4074-AD24-D7A97BB866C2}.Release|Any CPU.ActiveCfg = Release|Any CPU
		{1011DE20-6FF9-4074-AD24-D7A97BB866C2}.Release|Any CPU.Build.0 = Release|Any CPU
		{2BD47751-B1E0-47C0-95D9-23BF23472DC7}.Debug|Any CPU.ActiveCfg = Debug|Any CPU
		{2BD47751-B1E0-47C0-95D9-23BF23472DC7}.Debug|Any CPU.Build.0 = Debug|Any CPU
		{2BD47751-B1E0-47C0-95D9-23BF23472DC7}.Release|Any CPU.ActiveCfg = Release|Any CPU
		{2BD47751-B1E0-47C0-95D9-23BF23472DC7}.Release|Any CPU.Build.0 = Release|Any CPU
	EndGlobalSection
	GlobalSection(SolutionProperties) = preSolution
		HideSolutionNode = FALSE
	EndGlobalSection
	GlobalSection(ExtensibilityGlobals) = postSolution
		SolutionGuid = {89FD171E-30A8-49C5-AB36-FF00FEA52080}
	EndGlobalSection
EndGlobal
